
Microsoft Visual Studio Solution File, Format Version 12.00
# Visual Studio 15
VisualStudioVersion = 15.0.27130.2024
MinimumVisualStudioVersion = 10.0.40219.1
Project("{FAE04EC0-301F-11D3-BF4B-00C04F79EFBC}") = "SKL", "SKL\SKL.csproj", "{E0084487-F4A8-48F1-834C-CCC05C1B69F4}"
EndProject
Global
	GlobalSection(SolutionConfigurationPlatforms) = preSolution
		Debug|Any CPU = Debug|Any CPU
		Release|Any CPU = Release|Any CPU
	EndGlobalSection
	GlobalSection(ProjectConfigurationPlatforms) = postSolution
		{E0084487-F4A8-48F1-834C-CCC05C1B69F4}.Debug|Any CPU.ActiveCfg = Debug|Any CPU
		{E0084487-F4A8-48F1-834C-CCC05C1B69F4}.Debug|Any CPU.Build.0 = Debug|Any CPU
		{E0084487-F4A8-48F1-834C-CCC05C1B69F4}.Release|Any CPU.ActiveCfg = Release|Any CPU
		{E0084487-F4A8-48F1-834C-CCC05C1B69F4}.Release|Any CPU.Build.0 = Release|Any CPU
	EndGlobalSection
	GlobalSection(SolutionProperties) = preSolution
		HideSolutionNode = FALSE
	EndGlobalSection
	GlobalSection(ExtensibilityGlobals) = postSolution
		SolutionGuid = {6211F35E-5885-4F5C-B8E4-02C60FF71967}
	EndGlobalSection
EndGlobal
